{
  "version": "5",
  "specifiers": {
    "jsr:@std/internal@^1.0.12": "1.0.13",
    "jsr:@std/path@1": "1.1.4"
  },
  "jsr": {
    "@std/internal@1.0.13": {
      "integrity": "2f9546691d4ac2d32859c82dff284aaeac980ddeca38430d07941e7e288725c0"
    },
    "@std/path@1.1.4": {
      "integrity": "1d2d43f39efb1b42f0b1882a25486647cb851481862dc7313390b2bb044314b5",
      "dependencies": [
        "jsr:@std/internal"
      ]
    }
  },
  "workspace": {
    "packageJson": {
      "dependencies": [
        "npm:@angular-devkit/build-angular@^21.2.7",
        "npm:@angular-devkit/core@^21.2.7",
        "npm:@angular-devkit/schematics@^21.2.7",
        "npm:@angular/cli@^21.2.7",
        "npm:@angular/common@^21.2.9",
        "npm:@angular/compiler-cli@^21.2.9",
        "npm:@angular/compiler@^21.2.9",
        "npm:@angular/core@^21.2.9",
        "npm:@angular/forms@^21.2.9",
        "npm:@angular/platform-browser-dynamic@^21.2.9",
        "npm:@angular/platform-browser@^21.2.9",
        "npm:@angular/router@^21.2.9",
        "npm:@eslint/js@10.0.1",
        "npm:@mikro-orm/cli@^7.0.11",
        "npm:@mikro-orm/core@^7.0.11",
        "npm:@mikro-orm/migrations@^7.0.11",
        "npm:@mikro-orm/nestjs@^7.0.1",
        "npm:@mikro-orm/postgresql@^7.0.11",
        "npm:@mikro-orm/seeder@^7.0.11",
        "npm:@nestjs/common@^11.1.19",
        "npm:@nestjs/core@^11.1.19",
        "npm:@nestjs/jwt@^11.0.2",
        "npm:@nestjs/passport@^11.0.5",
        "npm:@nestjs/platform-express@^11.1.19",
        "npm:@nestjs/schematics@^11.1.0",
        "npm:@nestjs/swagger@^11.3.0",
        "npm:@nestjs/testing@^11.1.19",
        "npm:@nx/angular@22.6.5",
        "npm:@nx/eslint-plugin@22.6.5",
        "npm:@nx/eslint@22.6.5",
        "npm:@nx/jest@22.6.5",
        "npm:@nx/js@22.6.5",
        "npm:@nx/nest@22.6.5",
        "npm:@nx/node@22.6.5",
        "npm:@nx/web@22.6.5",
        "npm:@nx/webpack@22.6.5",
        "npm:@nx/workspace@22.6.5",
        "npm:@openapitools/openapi-generator-cli@^2.31.1",
        "npm:@playwright/test@^1.59.1",
        "npm:@primeuix/themes@2",
        "npm:@schematics/angular@^21.2.7",
        "npm:@swc-node/register@~1.11.1",
        "npm:@swc/core@~1.15.26",
        "npm:@swc/helpers@~0.5.21",
        "npm:@tailwindcss/postcss@^4.2.2",
        "npm:@types/jest@30",
        "npm:@types/node@^25.6.0",
        "npm:@types/passport-jwt@^4.0.1",
        "npm:@typescript-eslint/utils@^8.58.2",
        "npm:angular-eslint@21.3.1",
        "npm:autoprefixer@^10.5.0",
        "npm:axios@^1.15.0",
        "npm:bcryptjs@^3.0.3",
        "npm:chart.js@4.5.1",
        "npm:chartjs-adapter-date-fns@3",
        "npm:chartjs-chart-matrix@3",
        "npm:dotenv@^17.4.2",
        "npm:eslint-config-prettier@^10.1.8",
        "npm:eslint-plugin-boundaries@^6.0.2",
        "npm:eslint-plugin-import@^2.31.0",
        "npm:eslint-plugin-prefer-arrow@^1.2.3",
        "npm:eslint-plugin-prettier@^5.5.5",
        "npm:eslint@^10.2.0",
        "npm:jest-environment-jsdom@^30.3.0",
        "npm:jest-environment-node@^30.3.0",
        "npm:jest-preset-angular@^16.1.4",
        "npm:jest-util@^30.3.0",
        "npm:jest@^30.3.0",
        "npm:jsonc-eslint-parser@^3.1.0",
        "npm:nestjs-zod@^5.3.0",
        "npm:nx@22.6.5",
        "npm:passport-jwt@^4.0.1",
        "npm:passport@0.7",
        "npm:postcss@^8.5.10",
        "npm:prettier@~3.8.3",
        "npm:primeclt@~0.1.5",
        "npm:primeicons@7",
        "npm:primeng@^21.1.6",
        "npm:quill@^2.0.3",
        "npm:reflect-metadata@~0.2.2",
        "npm:rxjs@7.8",
        "npm:swagger-ui-express@^5.0.1",
        "npm:tailwindcss-primeui@~0.6.1",
        "npm:tailwindcss@^4.2.2",
        "npm:ts-jest@^29.4.9",
        "npm:ts-node@10.9.2",
        "npm:tsconfig-paths@^4.2.0",
        "npm:tslib@^2.8.1",
        "npm:typescript@~5.9.3",
        "npm:webpack-cli@^7.0.2",
        "npm:zod@^4.3.6"
      ]
    }
  }
}
